
Microsoft Visual Studio Solution File, Format Version 12.00
# Visual Studio Version 16
VisualStudioVersion = 16.0.30804.86
MinimumVisualStudioVersion = 10.0.40219.1
Project("{FAE04EC0-301F-11D3-BF4B-00C04F79EFBC}") = "EJERCICIOPARSEC1", "EJERCICIOPARSEC1.csproj", "{F2A5C875-94EC-4C06-9FE4-A61332EC6B8D}"
EndProject
Global
	GlobalSection(SolutionConfigurationPlatforms) = preSolution
		Debug|Any CPU = Debug|Any CPU
		Release|Any CPU = Release|Any CPU
	EndGlobalSection
	GlobalSection(ProjectConfigurationPlatforms) = postSolution
		{F2A5C875-94EC-4C06-9FE4-A61332EC6B8D}.Debug|Any CPU.ActiveCfg = Debug|Any CPU
		{F2A5C875-94EC-4C06-9FE4-A61332EC6B8D}.Debug|Any CPU.Build.0 = Debug|Any CPU
		{F2A5C875-94EC-4C06-9FE4-A61332EC6B8D}.Release|Any CPU.ActiveCfg = Release|Any CPU
		{F2A5C875-94EC-4C06-9FE4-A61332EC6B8D}.Release|Any CPU.Build.0 = Release|Any CPU
	EndGlobalSection
	GlobalSection(SolutionProperties) = preSolution
		HideSolutionNode = FALSE
	EndGlobalSection
	GlobalSection(ExtensibilityGlobals) = postSolution
		SolutionGuid = {31725869-3D7C-43E4-85EA-88C671E1C3DD}
	EndGlobalSection
EndGlobal
